{
    "name": "@jf/json-api",
    "version": "1.0.0",
    "lockfileVersion": 1,
    "requires": true,
    "dependencies": {
        "@jf/object": {
            "version": "3.0.1",
            "resolved": "https://registry.npmjs.org/@jf/object/-/object-3.0.1.tgz",
            "integrity": "sha512-WxjMwTM6tyIr09q364+64au7/OupgLv/1ur1JDTZzaA4l1WVtAyk2hPT3blddOGwwEEYMLU/hnd7XoMHAyHJ6w==",
            "requires": {
                "prop-sep": "^2.0.1"
            }
        },
        "prop-sep": {
            "version": "2.1.0",
            "resolved": "https://registry.npmjs.org/prop-sep/-/prop-sep-2.1.0.tgz",
            "integrity": "sha512-EcW7pBeLrqRJvdlFWf0PSVKY99oCR5lfBL7GqM3w8doJdCe72BbPqBmJrquerTrbIlhhR3ifP+zPuKH8z2DlLg=="
        }
    }
}
